<?xml version="1.0" encoding="utf-8"?>
<Project ToolsVersion="4.0" xmlns="http://schemas.microsoft.com/developer/msbuild/2003">
  <ItemGroup>
    <ClCompile Include="main.cpp" />
    <ClCompile Include="defines.hpp" />
    <ClCompile Include="uefi.cpp">
      <Filter>uefi</Filter>
    </ClCompile>
    <ClCompile Include="utils.cpp">
      <Filter>utils</Filter>
    </ClCompile>
    <ClCompile Include="hooks.cpp">
      <Filter>hooks</Filter>
    </ClCompile>
    <ClCompile Include="loader.cpp">
      <Filter>loader</Filter>
    </ClCompile>
  </ItemGroup>
  <ItemGroup>
    <Filter Include="uefi">
      <UniqueIdentifier>{730bf349-f2a6-4c87-8ead-a88400868a8c}</UniqueIdentifier>
    </Filter>
    <Filter Include="utils">
      <UniqueIdentifier>{48735910-a9b0-404b-9785-21653d11b73e}</UniqueIdentifier>
    </Filter>
    <Filter Include="loader">
      <UniqueIdentifier>{943f10c1-e8fa-4dbe-b5a2-d8b0146a45ff}</UniqueIdentifier>
    </Filter>
    <Filter Include="hooks">
      <UniqueIdentifier>{e7b5bef5-8133-495f-8813-14f761b1912f}</UniqueIdentifier>
    </Filter>
  </ItemGroup>
  <ItemGroup>
    <ClInclude Include="uefi.hpp">
      <Filter>uefi</Filter>
    </ClInclude>
    <ClInclude Include="utils.hpp">
      <Filter>utils</Filter>
    </ClInclude>
    <ClInclude Include="hooks.hpp">
      <Filter>hooks</Filter>
    </ClInclude>
    <ClInclude Include="loader.hpp">
      <Filter>loader</Filter>
    </ClInclude>
  </ItemGroup>
</Project>